Microsoft Visual Studio Solution File, Format Version 11.00
# Visual Studio 2008

Project("{519C8415-5964-6593-7582-1F7CA576F095}") = "1942", "Assembly-CSharp.csproj", "{3B0788A8-376E-3E6E-AFB5-23DCF2A00A98}"
EndProject
Global
	GlobalSection(SolutionConfigurationPlatforms) = preSolution
		Debug|Any CPU = Debug|Any CPU
		Release|Any CPU = Release|Any CPU
	EndGlobalSection
	GlobalSection(ProjectConfigurationPlatforms) = postSolution
		{3B0788A8-376E-3E6E-AFB5-23DCF2A00A98}.Debug|Any CPU.ActiveCfg = Debug|Any CPU
		{3B0788A8-376E-3E6E-AFB5-23DCF2A00A98}.Debug|Any CPU.Build.0 = Debug|Any CPU
		{3B0788A8-376E-3E6E-AFB5-23DCF2A00A98}.Release|Any CPU.ActiveCfg = Release|Any CPU
		{3B0788A8-376E-3E6E-AFB5-23DCF2A00A98}.Release|Any CPU.Build.0 = Release|Any CPU
	EndGlobalSection
	GlobalSection(SolutionProperties) = preSolution
		HideSolutionNode = FALSE
	EndGlobalSection
	GlobalSection(MonoDevelopProperties) = preSolution
		StartupItem = Assembly-CSharp.csproj
	EndGlobalSection
EndGlobal
